
Microsoft Visual Studio Solution File, Format Version 12.00
# Visual Studio Version 16
VisualStudioVersion = 16.0.29326.143
MinimumVisualStudioVersion = 10.0.40219.1
Project("{FAE04EC0-301F-11D3-BF4B-00C04F79EFBC}") = "ExHeranca", "ExHeranca\ExHeranca.csproj", "{FDF4F100-2068-4CC5-A2A6-463E6F12764D}"
EndProject
Global
	GlobalSection(SolutionConfigurationPlatforms) = preSolution
		Debug|Any CPU = Debug|Any CPU
		Release|Any CPU = Release|Any CPU
	EndGlobalSection
	GlobalSection(ProjectConfigurationPlatforms) = postSolution
		{FDF4F100-2068-4CC5-A2A6-463E6F12764D}.Debug|Any CPU.ActiveCfg = Debug|Any CPU
		{FDF4F100-2068-4CC5-A2A6-463E6F12764D}.Debug|Any CPU.Build.0 = Debug|Any CPU
		{FDF4F100-2068-4CC5-A2A6-463E6F12764D}.Release|Any CPU.ActiveCfg = Release|Any CPU
		{FDF4F100-2068-4CC5-A2A6-463E6F12764D}.Release|Any CPU.Build.0 = Release|Any CPU
	EndGlobalSection
	GlobalSection(SolutionProperties) = preSolution
		HideSolutionNode = FALSE
	EndGlobalSection
	GlobalSection(ExtensibilityGlobals) = postSolution
		SolutionGuid = {386E2960-68C2-4A19-AF14-4B282238225C}
	EndGlobalSection
EndGlobal
